
Microsoft Visual Studio Solution File, Format Version 12.00
# Visual Studio Version 16
VisualStudioVersion = 16.0.31727.386
MinimumVisualStudioVersion = 10.0.40219.1
Project("{FAE04EC0-301F-11D3-BF4B-00C04F79EFBC}") = "Tut1", "Tut1\Tut1.csproj", "{02410F98-1AFD-4C19-9D1A-2C40128675E8}"
EndProject
Project("{FAE04EC0-301F-11D3-BF4B-00C04F79EFBC}") = "Tut2", "Tut2\Tut2.csproj", "{C28276F6-C796-4CA1-9F01-8ED984DA0BD5}"
EndProject
Project("{FAE04EC0-301F-11D3-BF4B-00C04F79EFBC}") = "Tut3", "Tut3\Tut3.csproj", "{EC27C030-2DEC-41A1-A187-8635B2E71591}"
EndProject
Project("{FAE04EC0-301F-11D3-BF4B-00C04F79EFBC}") = "WpfApp1", "WpfApp1\WpfApp1.csproj", "{067796A8-16A2-4E40-9F15-92FE5CCB430C}"
EndProject
Global
	GlobalSection(SolutionConfigurationPlatforms) = preSolution
		Debug|Any CPU = Debug|Any CPU
		Release|Any CPU = Release|Any CPU
	EndGlobalSection
	GlobalSection(ProjectConfigurationPlatforms) = postSolution
		{02410F98-1AFD-4C19-9D1A-2C40128675E8}.Debug|Any CPU.ActiveCfg = Debug|Any CPU
		{02410F98-1AFD-4C19-9D1A-2C40128675E8}.Debug|Any CPU.Build.0 = Debug|Any CPU
		{02410F98-1AFD-4C19-9D1A-2C40128675E8}.Release|Any CPU.ActiveCfg = Release|Any CPU
		{02410F98-1AFD-4C19-9D1A-2C40128675E8}.Release|Any CPU.Build.0 = Release|Any CPU
		{C28276F6-C796-4CA1-9F01-8ED984DA0BD5}.Debug|Any CPU.ActiveCfg = Debug|Any CPU
		{C28276F6-C796-4CA1-9F01-8ED984DA0BD5}.Debug|Any CPU.Build.0 = Debug|Any CPU
		{C28276F6-C796-4CA1-9F01-8ED984DA0BD5}.Release|Any CPU.ActiveCfg = Release|Any CPU
		{C28276F6-C796-4CA1-9F01-8ED984DA0BD5}.Release|Any CPU.Build.0 = Release|Any CPU
		{EC27C030-2DEC-41A1-A187-8635B2E71591}.Debug|Any CPU.ActiveCfg = Debug|Any CPU
		{EC27C030-2DEC-41A1-A187-8635B2E71591}.Debug|Any CPU.Build.0 = Debug|Any CPU
		{EC27C030-2DEC-41A1-A187-8635B2E71591}.Release|Any CPU.ActiveCfg = Release|Any CPU
		{EC27C030-2DEC-41A1-A187-8635B2E71591}.Release|Any CPU.Build.0 = Release|Any CPU
		{067796A8-16A2-4E40-9F15-92FE5CCB430C}.Debug|Any CPU.ActiveCfg = Debug|Any CPU
		{067796A8-16A2-4E40-9F15-92FE5CCB430C}.Debug|Any CPU.Build.0 = Debug|Any CPU
		{067796A8-16A2-4E40-9F15-92FE5CCB430C}.Release|Any CPU.ActiveCfg = Release|Any CPU
		{067796A8-16A2-4E40-9F15-92FE5CCB430C}.Release|Any CPU.Build.0 = Release|Any CPU
	EndGlobalSection
	GlobalSection(SolutionProperties) = preSolution
		HideSolutionNode = FALSE
	EndGlobalSection
	GlobalSection(ExtensibilityGlobals) = postSolution
		SolutionGuid = {9C002054-FB4C-4106-BF76-765F678C902E}
	EndGlobalSection
EndGlobal
